
Microsoft Visual Studio Solution File, Format Version 12.00
# Visual Studio 15
Project("{FAE04EC0-301F-11D3-BF4B-00C04F79EFBC}") = "Assembly-CSharp", "Assembly-CSharp.csproj", "{C0A7F41E-CCF9-CBE7-F753-02525D7C4037}"
EndProject
Project("{FAE04EC0-301F-11D3-BF4B-00C04F79EFBC}") = "Assembly-CSharp-Editor", "Assembly-CSharp-Editor.csproj", "{990B57C2-57FD-02D9-E7E0-6BBA7FC684A6}"
EndProject
Global
	GlobalSection(SolutionConfigurationPlatforms) = preSolution
		Debug|Any CPU = Debug|Any CPU
		Release|Any CPU = Release|Any CPU
	EndGlobalSection
	GlobalSection(ProjectConfigurationPlatforms) = postSolution
		{C0A7F41E-CCF9-CBE7-F753-02525D7C4037}.Debug|Any CPU.ActiveCfg = Debug|Any CPU
		{C0A7F41E-CCF9-CBE7-F753-02525D7C4037}.Debug|Any CPU.Build.0 = Debug|Any CPU
		{C0A7F41E-CCF9-CBE7-F753-02525D7C4037}.Release|Any CPU.ActiveCfg = Release|Any CPU
		{C0A7F41E-CCF9-CBE7-F753-02525D7C4037}.Release|Any CPU.Build.0 = Release|Any CPU
		{990B57C2-57FD-02D9-E7E0-6BBA7FC684A6}.Debug|Any CPU.ActiveCfg = Debug|Any CPU
		{990B57C2-57FD-02D9-E7E0-6BBA7FC684A6}.Debug|Any CPU.Build.0 = Debug|Any CPU
		{990B57C2-57FD-02D9-E7E0-6BBA7FC684A6}.Release|Any CPU.ActiveCfg = Release|Any CPU
		{990B57C2-57FD-02D9-E7E0-6BBA7FC684A6}.Release|Any CPU.Build.0 = Release|Any CPU
	EndGlobalSection
	GlobalSection(SolutionProperties) = preSolution
		HideSolutionNode = FALSE
	EndGlobalSection
EndGlobal
